// !$*UTF8*$!
{
	archiveVersion = 1;
	classes = {
	};
	objectVersion = 50;
	objects = {

/* Begin PBXBuildFile section */
		8D1B22E826C6D9AA00477CE1 /* AppDelegate.swift in Sources */ = {isa = PBXBuildFile; fileRef = 8D1B22E726C6D9AA00477CE1 /* AppDelegate.swift */; };
		8D1B22EA26C6D9AA00477CE1 /* SceneDelegate.swift in Sources */ = {isa = PBXBuildFile; fileRef = 8D1B22E926C6D9AA00477CE1 /* SceneDelegate.swift */; };
		8D1B22EC26C6D9AA00477CE1 /* ViewController.swift in Sources */ = {isa = PBXBuildFile; fileRef = 8D1B22EB26C6D9AA00477CE1 /* ViewController.swift */; };
		8D1B22EF26C6D9AA00477CE1 /* Main.storyboard in Resources */ = {isa = PBXBuildFile; fileRef = 8D1B22ED26C6D9AA00477CE1 /* Main.storyboard */; };
		8D1B22F126C6D9AC00477CE1 /* Assets.xcassets in Resources */ = {isa = PBXBuildFile; fileRef = 8D1B22F026C6D9AC00477CE1 /* Assets.xcassets */; };
		8D1B22F426C6D9AC00477CE1 /* LaunchScreen.storyboard in Resources */ = {isa = PBXBuildFile; fileRef = 8D1B22F226C6D9AC00477CE1 /* LaunchScreen.storyboard */; };
		8D1B230126C6DB1100477CE1 /* WeatherDataModel.swift in Sources */ = {isa = PBXBuildFile; fileRef = 8D1B230026C6DB1100477CE1 /* WeatherDataModel.swift */; };
		8D1B230326C6DD2900477CE1 /* DesignableTextField.swift in Sources */ = {isa = PBXBuildFile; fileRef = 8D1B230226C6DD2900477CE1 /* DesignableTextField.swift */; };
		8D1B230526C6DD6600477CE1 /* BounceButton.swift in Sources */ = {isa = PBXBuildFile; fileRef = 8D1B230426C6DD6600477CE1 /* BounceButton.swift */; };
		8D1B230726C6DDAE00477CE1 /* DesignButton.swift in Sources */ = {isa = PBXBuildFile; fileRef = 8D1B230626C6DDAE00477CE1 /* DesignButton.swift */; };
/* End PBXBuildFile section */

/* Begin PBXFileReference section */
		8D1B22E426C6D9AA00477CE1 /* OpenWeather.app */ = {isa = PBXFileReference; explicitFileType = wrapper.application; includeInIndex = 0; path = OpenWeather.app; sourceTree = BUILT_PRODUCTS_DIR; };
		8D1B22E726C6D9AA00477CE1 /* AppDelegate.swift */ = {isa = PBXFileReference; lastKnownFileType = sourcecode.swift; path = AppDelegate.swift; sourceTree = "<group>"; };
		8D1B22E926C6D9AA00477CE1 /* SceneDelegate.swift */ = {isa = PBXFileReference; lastKnownFileType = sourcecode.swift; path = SceneDelegate.swift; sourceTree = "<group>"; };
		8D1B22EB26C6D9AA00477CE1 /* ViewController.swift */ = {isa = PBXFileReference; lastKnownFileType = sourcecode.swift; path = ViewController.swift; sourceTree = "<group>"; };
		8D1B22EE26C6D9AA00477CE1 /* Base */ = {isa = PBXFileReference; lastKnownFileType = file.storyboard; name = Base; path = Base.lproj/Main.storyboard; sourceTree = "<group>"; };
		8D1B22F026C6D9AC00477CE1 /* Assets.xcassets */ = {isa = PBXFileReference; lastKnownFileType = folder.assetcatalog; path = Assets.xcassets; sourceTree = "<group>"; };
		8D1B22F326C6D9AC00477CE1 /* Base */ = {isa = PBXFileReference; lastKnownFileType = file.storyboard; name = Base; path = Base.lproj/LaunchScreen.storyboard; sourceTree = "<group>"; };
		8D1B22F526C6D9AC00477CE1 /* Info.plist */ = {isa = PBXFileReference; lastKnownFileType = text.plist.xml; path = Info.plist; sourceTree = "<group>"; };
		8D1B230026C6DB1100477CE1 /* WeatherDataModel.swift */ = {isa = PBXFileReference; lastKnownFileType = sourcecode.swift; path = WeatherDataModel.swift; sourceTree = "<group>"; };
		8D1B230226C6DD2900477CE1 /* DesignableTextField.swift */ = {isa = PBXFileReference; lastKnownFileType = sourcecode.swift; path = DesignableTextField.swift; sourceTree = "<group>"; };
		8D1B230426C6DD6600477CE1 /* BounceButton.swift */ = {isa = PBXFileReference; lastKnownFileType = sourcecode.swift; path = BounceButton.swift; sourceTree = "<group>"; };
		8D1B230626C6DDAE00477CE1 /* DesignButton.swift */ = {isa = PBXFileReference; lastKnownFileType = sourcecode.swift; path = DesignButton.swift; sourceTree = "<group>"; };
/* End PBXFileReference section */

/* Begin PBXFrameworksBuildPhase section */
		8D1B22E126C6D9AA00477CE1 /* Frameworks */ = {
			isa = PBXFrameworksBuildPhase;
			buildActionMask = 2147483647;
			files = (
			);
			runOnlyForDeploymentPostprocessing = 0;
		};
/* End PBXFrameworksBuildPhase section */

/* Begin PBXGroup section */
		8D1B22DB26C6D9AA00477CE1 = {
			isa = PBXGroup;
			children = (
				8D1B22E626C6D9AA00477CE1 /* OpenWeather */,
				8D1B22E526C6D9AA00477CE1 /* Products */,
			);
			sourceTree = "<group>";
		};
		8D1B22E526C6D9AA00477CE1 /* Products */ = {
			isa = PBXGroup;
			children = (
				8D1B22E426C6D9AA00477CE1 /* OpenWeather.app */,
			);
			name = Products;
			sourceTree = "<group>";
		};
		8D1B22E626C6D9AA00477CE1 /* OpenWeather */ = {
			isa = PBXGroup;
			children = (
				8D1B22FF26C6D9F100477CE1 /* Model */,
				8D1B22FD26C6D9CA00477CE1 /* View */,
				8D1B22FC26C6D9C300477CE1 /* Controller */,
				8D1B22FE26C6D9E200477CE1 /* ExtraResource */,
				8D1B22FB26C6D9BB00477CE1 /* AppDelegate */,
				8D1B22F026C6D9AC00477CE1 /* Assets.xcassets */,
				8D1B22F526C6D9AC00477CE1 /* Info.plist */,
			);
			path = OpenWeather;
			sourceTree = "<group>";
		};
		8D1B22FB26C6D9BB00477CE1 /* AppDelegate */ = {
			isa = PBXGroup;
			children = (
				8D1B22E726C6D9AA00477CE1 /* AppDelegate.swift */,
				8D1B22E926C6D9AA00477CE1 /* SceneDelegate.swift */,
			);
			path = AppDelegate;
			sourceTree = "<group>";
		};
		8D1B22FC26C6D9C300477CE1 /* Controller */ = {
			isa = PBXGroup;
			children = (
				8D1B22EB26C6D9AA00477CE1 /* ViewController.swift */,
			);
			path = Controller;
			sourceTree = "<group>";
		};
		8D1B22FD26C6D9CA00477CE1 /* View */ = {
			isa = PBXGroup;
			children = (
				8D1B22ED26C6D9AA00477CE1 /* Main.storyboard */,
				8D1B22F226C6D9AC00477CE1 /* LaunchScreen.storyboard */,
			);
			path = View;
			sourceTree = "<group>";
		};
		8D1B22FE26C6D9E200477CE1 /* ExtraResource */ = {
			isa = PBXGroup;
			children = (
				8D1B230226C6DD2900477CE1 /* DesignableTextField.swift */,
				8D1B230426C6DD6600477CE1 /* BounceButton.swift */,
				8D1B230626C6DDAE00477CE1 /* DesignButton.swift */,
			);
			path = ExtraResource;
			sourceTree = "<group>";
		};
		8D1B22FF26C6D9F100477CE1 /* Model */ = {
			isa = PBXGroup;
			children = (
				8D1B230026C6DB1100477CE1 /* WeatherDataModel.swift */,
			);
			path = Model;
			sourceTree = "<group>";
		};
/* End PBXGroup section */

/* Begin PBXNativeTarget section */
		8D1B22E326C6D9AA00477CE1 /* OpenWeather */ = {
			isa = PBXNativeTarget;
			buildConfigurationList = 8D1B22F826C6D9AC00477CE1 /* Build configuration list for PBXNativeTarget "OpenWeather" */;
			buildPhases = (
				8D1B22E026C6D9AA00477CE1 /* Sources */,
				8D1B22E126C6D9AA00477CE1 /* Frameworks */,
				8D1B22E226C6D9AA00477CE1 /* Resources */,
			);
			buildRules = (
			);
			dependencies = (
			);
			name = OpenWeather;
			productName = OpenWeather;
			productReference = 8D1B22E426C6D9AA00477CE1 /* OpenWeather.app */;
			productType = "com.apple.product-type.application";
		};
/* End PBXNativeTarget section */

/* Begin PBXProject section */
		8D1B22DC26C6D9AA00477CE1 /* Project object */ = {
			isa = PBXProject;
			attributes = {
				LastSwiftUpdateCheck = 1250;
				LastUpgradeCheck = 1250;
				TargetAttributes = {
					8D1B22E326C6D9AA00477CE1 = {
						CreatedOnToolsVersion = 12.5.1;
					};
				};
			};
			buildConfigurationList = 8D1B22DF26C6D9AA00477CE1 /* Build configuration list for PBXProject "OpenWeather" */;
			compatibilityVersion = "Xcode 9.3";
			developmentRegion = en;
			hasScannedForEncodings = 0;
			knownRegions = (
				en,
				Base,
			);
			mainGroup = 8D1B22DB26C6D9AA00477CE1;
			productRefGroup = 8D1B22E526C6D9AA00477CE1 /* Products */;
			projectDirPath = "";
			projectRoot = "";
			targets = (
				8D1B22E326C6D9AA00477CE1 /* OpenWeather */,
			);
		};
/* End PBXProject section */

/* Begin PBXResourcesBuildPhase section */
		8D1B22E226C6D9AA00477CE1 /* Resources */ = {
			isa = PBXResourcesBuildPhase;
			buildActionMask = 2147483647;
			files = (
				8D1B22F426C6D9AC00477CE1 /* LaunchScreen.storyboard in Resources */,
				8D1B22F126C6D9AC00477CE1 /* Assets.xcassets in Resources */,
				8D1B22EF26C6D9AA00477CE1 /* Main.storyboard in Resources */,
			);
			runOnlyForDeploymentPostprocessing = 0;
		};
/* End PBXResourcesBuildPhase section */

/* Begin PBXSourcesBuildPhase section */
		8D1B22E026C6D9AA00477CE1 /* Sources */ = {
			isa = PBXSourcesBuildPhase;
			buildActionMask = 2147483647;
			files = (
				8D1B230126C6DB1100477CE1 /* WeatherDataModel.swift in Sources */,
				8D1B22EC26C6D9AA00477CE1 /* ViewController.swift in Sources */,
				8D1B230326C6DD2900477CE1 /* DesignableTextField.swift in Sources */,
				8D1B22E826C6D9AA00477CE1 /* AppDelegate.swift in Sources */,
				8D1B230726C6DDAE00477CE1 /* DesignButton.swift in Sources */,
				8D1B22EA26C6D9AA00477CE1 /* SceneDelegate.swift in Sources */,
				8D1B230526C6DD6600477CE1 /* BounceButton.swift in Sources */,
			);
			runOnlyForDeploymentPostprocessing = 0;
		};
/* End PBXSourcesBuildPhase section */

/* Begin PBXVariantGroup section */
		8D1B22ED26C6D9AA00477CE1 /* Main.storyboard */ = {
			isa = PBXVariantGroup;
			children = (
				8D1B22EE26C6D9AA00477CE1 /* Base */,
			);
			name = Main.storyboard;
			sourceTree = "<group>";
		};
		8D1B22F226C6D9AC00477CE1 /* LaunchScreen.storyboard */ = {
			isa = PBXVariantGroup;
			children = (
				8D1B22F326C6D9AC00477CE1 /* Base */,
			);
			name = LaunchScreen.storyboard;
			sourceTree = "<group>";
		};
/* End PBXVariantGroup section */

/* Begin XCBuildConfiguration section */
		8D1B22F626C6D9AC00477CE1 /* Debug */ = {
			isa = XCBuildConfiguration;
			buildSettings = {
				ALWAYS_SEARCH_USER_PATHS = NO;
				CLANG_ANALYZER_NONNULL = YES;
				CLANG_ANALYZER_NUMBER_OBJECT_CONVERSION = YES_AGGRESSIVE;
				CLANG_CXX_LANGUAGE_STANDARD = "gnu++14";
				CLANG_CXX_LIBRARY = "libc++";
				CLANG_ENABLE_MODULES = YES;
				CLANG_ENABLE_OBJC_ARC = YES;
				CLANG_ENABLE_OBJC_WEAK = YES;
				CLANG_WARN_BLOCK_CAPTURE_AUTORELEASING = YES;
				CLANG_WARN_BOOL_CONVERSION = YES;
				CLANG_WARN_COMMA = YES;
				CLANG_WARN_CONSTANT_CONVERSION = YES;
				CLANG_WARN_DEPRECATED_OBJC_IMPLEMENTATIONS = YES;
				CLANG_WARN_DIRECT_OBJC_ISA_USAGE = YES_ERROR;
				CLANG_WARN_DOCUMENTATION_COMMENTS = YES;
				CLANG_WARN_EMPTY_BODY = YES;
				CLANG_WARN_ENUM_CONVERSION = YES;
				CLANG_WARN_INFINITE_RECURSION = YES;
				CLANG_WARN_INT_CONVERSION = YES;
				CLANG_WARN_NON_LITERAL_NULL_CONVERSION = YES;
				CLANG_WARN_OBJC_IMPLICIT_RETAIN_SELF = YES;
				CLANG_WARN_OBJC_LITERAL_CONVERSION = YES;
				CLANG_WARN_OBJC_ROOT_CLASS = YES_ERROR;
				CLANG_WARN_QUOTED_INCLUDE_IN_FRAMEWORK_HEADER = YES;
				CLANG_WARN_RANGE_LOOP_ANALYSIS = YES;
				CLANG_WARN_STRICT_PROTOTYPES = YES;
				CLANG_WARN_SUSPICIOUS_MOVE = YES;
				CLANG_WARN_UNGUARDED_AVAILABILITY = YES_AGGRESSIVE;
				CLANG_WARN_UNREACHABLE_CODE = YES;
				CLANG_WARN__DUPLICATE_METHOD_MATCH = YES;
				COPY_PHASE_STRIP = NO;
				DEBUG_INFORMATION_FORMAT = dwarf;
				ENABLE_STRICT_OBJC_MSGSEND = YES;
				ENABLE_TESTABILITY = YES;
				GCC_C_LANGUAGE_STANDARD = gnu11;
				GCC_DYNAMIC_NO_PIC = NO;
				GCC_NO_COMMON_BLOCKS = YES;
				GCC_OPTIMIZATION_LEVEL = 0;
				GCC_PREPROCESSOR_DEFINITIONS = (
					"DEBUG=1",
					"$(inherited)",
				);
				GCC_WARN_64_TO_32_BIT_CONVERSION = YES;
				GCC_WARN_ABOUT_RETURN_TYPE = YES_ERROR;
				GCC_WARN_UNDECLARED_SELECTOR = YES;
				GCC_WARN_UNINITIALIZED_AUTOS = YES_AGGRESSIVE;
				GCC_WARN_UNUSED_FUNCTION = YES;
				GCC_WARN_UNUSED_VARIABLE = YES;
				IPHONEOS_DEPLOYMENT_TARGET = 14.5;
				MTL_ENABLE_DEBUG_INFO = INCLUDE_SOURCE;
				MTL_FAST_MATH = YES;
				ONLY_ACTIVE_ARCH = YES;
				SDKROOT = iphoneos;
				SWIFT_ACTIVE_COMPILATION_CONDITIONS = DEBUG;
				SWIFT_OPTIMIZATION_LEVEL = "-Onone";
			};
			name = Debug;
		};
		8D1B22F726C6D9AC00477CE1 /* Release */ = {
			isa = XCBuildConfiguration;
			buildSettings = {
				ALWAYS_SEARCH_USER_PATHS = NO;
				CLANG_ANALYZER_NONNULL = YES;
				CLANG_ANALYZER_NUMBER_OBJECT_CONVERSION = YES_AGGRESSIVE;
				CLANG_CXX_LANGUAGE_STANDARD = "gnu++14";
				CLANG_CXX_LIBRARY = "libc++";
				CLANG_ENABLE_MODULES = YES;
				CLANG_ENABLE_OBJC_ARC = YES;
				CLANG_ENABLE_OBJC_WEAK = YES;
				CLANG_WARN_BLOCK_CAPTURE_AUTORELEASING = YES;
				CLANG_WARN_BOOL_CONVERSION = YES;
				CLANG_WARN_COMMA = YES;
				CLANG_WARN_CONSTANT_CONVERSION = YES;
				CLANG_WARN_DEPRECATED_OBJC_IMPLEMENTATIONS = YES;
				CLANG_WARN_DIRECT_OBJC_ISA_USAGE = YES_ERROR;
				CLANG_WARN_DOCUMENTATION_COMMENTS = YES;
				CLANG_WARN_EMPTY_BODY = YES;
				CLANG_WARN_ENUM_CONVERSION = YES;
				CLANG_WARN_INFINITE_RECURSION = YES;
				CLANG_WARN_INT_CONVERSION = YES;
				CLANG_WARN_NON_LITERAL_NULL_CONVERSION = YES;
				CLANG_WARN_OBJC_IMPLICIT_RETAIN_SELF = YES;
				CLANG_WARN_OBJC_LITERAL_CONVERSION = YES;
				CLANG_WARN_OBJC_ROOT_CLASS = YES_ERROR;
				CLANG_WARN_QUOTED_INCLUDE_IN_FRAMEWORK_HEADER = YES;
				CLANG_WARN_RANGE_LOOP_ANALYSIS = YES;
				CLANG_WARN_STRICT_PROTOTYPES = YES;
				CLANG_WARN_SUSPICIOUS_MOVE = YES;
				CLANG_WARN_UNGUARDED_AVAILABILITY = YES_AGGRESSIVE;
				CLANG_WARN_UNREACHABLE_CODE = YES;
				CLANG_WARN__DUPLICATE_METHOD_MATCH = YES;
				COPY_PHASE_STRIP = NO;
				DEBUG_INFORMATION_FORMAT = "dwarf-with-dsym";
				ENABLE_NS_ASSERTIONS = NO;
				ENABLE_STRICT_OBJC_MSGSEND = YES;
				GCC_C_LANGUAGE_STANDARD = gnu11;
				GCC_NO_COMMON_BLOCKS = YES;
				GCC_WARN_64_TO_32_BIT_CONVERSION = YES;
				GCC_WARN_ABOUT_RETURN_TYPE = YES_ERROR;
				GCC_WARN_UNDECLARED_SELECTOR = YES;
				GCC_WARN_UNINITIALIZED_AUTOS = YES_AGGRESSIVE;
				GCC_WARN_UNUSED_FUNCTION = YES;
				GCC_WARN_UNUSED_VARIABLE = YES;
				IPHONEOS_DEPLOYMENT_TARGET = 14.5;
				MTL_ENABLE_DEBUG_INFO = NO;
				MTL_FAST_MATH = YES;
				SDKROOT = iphoneos;
				SWIFT_COMPILATION_MODE = wholemodule;
				SWIFT_OPTIMIZATION_LEVEL = "-O";
				VALIDATE_PRODUCT = YES;
			};
			name = Release;
		};
		8D1B22F926C6D9AC00477CE1 /* Debug */ = {
			isa = XCBuildConfiguration;
			buildSettings = {
				ASSETCATALOG_COMPILER_APPICON_NAME = AppIcon;
				ASSETCATALOG_COMPILER_GLOBAL_ACCENT_COLOR_NAME = AccentColor;
				CODE_SIGN_STYLE = Automatic;
				DEVELOPMENT_TEAM = 3544KR9DPF;
				INFOPLIST_FILE = OpenWeather/Info.plist;
				LD_RUNPATH_SEARCH_PATHS = (
					"$(inherited)",
					"@executable_path/Frameworks",
				);
				PRODUCT_BUNDLE_IDENTIFIER = "com.gg-news.OpenWeather";
				PRODUCT_NAME = "$(TARGET_NAME)";
				SWIFT_VERSION = 5.0;
				TARGETED_DEVICE_FAMILY = "1,2";
			};
			name = Debug;
		};
		8D1B22FA26C6D9AC00477CE1 /* Release */ = {
			isa = XCBuildConfiguration;
			buildSettings = {
				ASSETCATALOG_COMPILER_APPICON_NAME = AppIcon;
				ASSETCATALOG_COMPILER_GLOBAL_ACCENT_COLOR_NAME = AccentColor;
				CODE_SIGN_STYLE = Automatic;
				DEVELOPMENT_TEAM = 3544KR9DPF;
				INFOPLIST_FILE = OpenWeather/Info.plist;
				LD_RUNPATH_SEARCH_PATHS = (
					"$(inherited)",
					"@executable_path/Frameworks",
				);
				PRODUCT_BUNDLE_IDENTIFIER = "com.gg-news.OpenWeather";
				PRODUCT_NAME = "$(TARGET_NAME)";
				SWIFT_VERSION = 5.0;
				TARGETED_DEVICE_FAMILY = "1,2";
			};
			name = Release;
		};
/* End XCBuildConfiguration section */

/* Begin XCConfigurationList section */
		8D1B22DF26C6D9AA00477CE1 /* Build configuration list for PBXProject "OpenWeather" */ = {
			isa = XCConfigurationList;
			buildConfigurations = (
				8D1B22F626C6D9AC00477CE1 /* Debug */,
				8D1B22F726C6D9AC00477CE1 /* Release */,
			);
			defaultConfigurationIsVisible = 0;
			defaultConfigurationName = Release;
		};
		8D1B22F826C6D9AC00477CE1 /* Build configuration list for PBXNativeTarget "OpenWeather" */ = {
			isa = XCConfigurationList;
			buildConfigurations = (
				8D1B22F926C6D9AC00477CE1 /* Debug */,
				8D1B22FA26C6D9AC00477CE1 /* Release */,
			);
			defaultConfigurationIsVisible = 0;
			defaultConfigurationName = Release;
		};
/* End XCConfigurationList section */
	};
	rootObject = 8D1B22DC26C6D9AA00477CE1 /* Project object */;
}
